<?xml version="1.0" encoding="utf-8"?>
<Project ToolsVersion="4.0" xmlns="http://schemas.microsoft.com/developer/msbuild/2003">
  <ItemGroup>
    <Filter Include="Header Files">
      <UniqueIdentifier>{01bc00bc-020b-4814-b54f-ac49730e2d00}</UniqueIdentifier>
      <Extensions>h;hpp;hxx;hm;inl</Extensions>
    </Filter>
    <Filter Include="Source Files">
      <UniqueIdentifier>{17290422-dd57-475a-a6e4-acc55635519c}</UniqueIdentifier>
      <Extensions>cpp;c;cxx;rc;def;r;odl;idl;hpj;bat</Extensions>
    </Filter>
  </ItemGroup>
  <ItemGroup>
    <ClCompile Include="src\bios.c">
      <Filter>Source Files</Filter>
    </ClCompile>
    <ClCompile Include="src\iop.c">
      <Filter>Source Files</Filter>
    </ClCompile>
    <ClCompile Include="src\ioptimer.c">
      <Filter>Source Files</Filter>
    </ClCompile>
    <ClCompile Include="src\psx.c">
      <Filter>Source Files</Filter>
    </ClCompile>
    <ClCompile Include="src\r3000.c">
      <Filter>Source Files</Filter>
    </ClCompile>
    <ClCompile Include="src\r3000asm.c">
      <Filter>Source Files</Filter>
    </ClCompile>
    <ClCompile Include="src\r3000dis.c">
      <Filter>Source Files</Filter>
    </ClCompile>
    <ClCompile Include="src\spu.c">
      <Filter>Source Files</Filter>
    </ClCompile>
    <ClCompile Include="src\spucore.c">
      <Filter>Source Files</Filter>
    </ClCompile>
    <ClCompile Include="src\vfs.c">
      <Filter>Source Files</Filter>
    </ClCompile>
  </ItemGroup>
  <ItemGroup>
    <ClInclude Include="include\highly_experimental\bios.h">
      <Filter>Header Files</Filter>
    </ClInclude>
    <ClInclude Include="include\highly_experimental\iop.h">
      <Filter>Header Files</Filter>
    </ClInclude>
    <ClInclude Include="include\highly_experimental\ioptimer.h">
      <Filter>Header Files</Filter>
    </ClInclude>
    <ClInclude Include="include\highly_experimental\psx.h">
      <Filter>Header Files</Filter>
    </ClInclude>
    <ClInclude Include="include\highly_experimental\r3000.h">
      <Filter>Header Files</Filter>
    </ClInclude>
    <ClInclude Include="include\highly_experimental\r3000asm.h">
      <Filter>Header Files</Filter>
    </ClInclude>
    <ClInclude Include="include\highly_experimental\r3000dis.h">
      <Filter>Header Files</Filter>
    </ClInclude>
    <ClInclude Include="include\highly_experimental\spu.h">
      <Filter>Header Files</Filter>
    </ClInclude>
    <ClInclude Include="include\highly_experimental\spucore.h">
      <Filter>Header Files</Filter>
    </ClInclude>
    <ClInclude Include="include\highly_experimental\vfs.h">
      <Filter>Header Files</Filter>
    </ClInclude>
    <ClInclude Include="include\highly_experimental\emuconfig.h">
      <Filter>Header Files</Filter>
    </ClInclude>
  </ItemGroup>
</Project>